
Microsoft Visual Studio Solution File, Format Version 12.00
# Visual Studio Version 17
VisualStudioVersion = 17.1.32328.378
MinimumVisualStudioVersion = 10.0.40219.1
Project("{FAE04EC0-301F-11D3-BF4B-00C04F79EFBC}") = "HyPlayer", "HyPlayer\HyPlayer.csproj", "{DDD54862-21FE-4810-B8EC-74BF0447E000}"
EndProject
Project("{FAE04EC0-301F-11D3-BF4B-00C04F79EFBC}") = "Kawazu", "Kawazu\Kawazu\Kawazu.csproj", "{2DC18999-32F2-40D4-AD9B-C5A09514E087}"
EndProject
Project("{FAE04EC0-301F-11D3-BF4B-00C04F79EFBC}") = "NeteaseCloudMusicApi", "NeteaseCloudMusicApi\NeteaseCloudMusicApi\NeteaseCloudMusicApi.csproj", "{C20D7EA5-6DB8-42B3-855D-75470CBE667F}"
EndProject
Global
	GlobalSection(SolutionConfigurationPlatforms) = preSolution
		Debug|Any CPU = Debug|Any CPU
		Debug|ARM = Debug|ARM
		Debug|ARM64 = Debug|ARM64
		Debug|x64 = Debug|x64
		Debug|x86 = Debug|x86
		Release|Any CPU = Release|Any CPU
		Release|ARM = Release|ARM
		Release|ARM64 = Release|ARM64
		Release|x64 = Release|x64
		Release|x86 = Release|x86
	EndGlobalSection
	GlobalSection(ProjectConfigurationPlatforms) = postSolution
		{DDD54862-21FE-4810-B8EC-74BF0447E000}.Debug|Any CPU.ActiveCfg = Debug|x86
		{DDD54862-21FE-4810-B8EC-74BF0447E000}.Debug|Any CPU.Build.0 = Debug|x86
		{DDD54862-21FE-4810-B8EC-74BF0447E000}.Debug|Any CPU.Deploy.0 = Debug|x86
		{DDD54862-21FE-4810-B8EC-74BF0447E000}.Debug|ARM.ActiveCfg = Debug|ARM
		{DDD54862-21FE-4810-B8EC-74BF0447E000}.Debug|ARM.Build.0 = Debug|ARM
		{DDD54862-21FE-4810-B8EC-74BF0447E000}.Debug|ARM.Deploy.0 = Debug|ARM
		{DDD54862-21FE-4810-B8EC-74BF0447E000}.Debug|ARM64.ActiveCfg = Debug|ARM64
		{DDD54862-21FE-4810-B8EC-74BF0447E000}.Debug|ARM64.Build.0 = Debug|ARM64
		{DDD54862-21FE-4810-B8EC-74BF0447E000}.Debug|ARM64.Deploy.0 = Debug|ARM64
		{DDD54862-21FE-4810-B8EC-74BF0447E000}.Debug|x64.ActiveCfg = Debug|x64
		{DDD54862-21FE-4810-B8EC-74BF0447E000}.Debug|x64.Build.0 = Debug|x64
		{DDD54862-21FE-4810-B8EC-74BF0447E000}.Debug|x64.Deploy.0 = Debug|x64
		{DDD54862-21FE-4810-B8EC-74BF0447E000}.Debug|x86.ActiveCfg = Debug|x86
		{DDD54862-21FE-4810-B8EC-74BF0447E000}.Debug|x86.Build.0 = Debug|x86
		{DDD54862-21FE-4810-B8EC-74BF0447E000}.Debug|x86.Deploy.0 = Debug|x86
		{DDD54862-21FE-4810-B8EC-74BF0447E000}.Release|Any CPU.ActiveCfg = Release|x86
		{DDD54862-21FE-4810-B8EC-74BF0447E000}.Release|ARM.ActiveCfg = Release|ARM
		{DDD54862-21FE-4810-B8EC-74BF0447E000}.Release|ARM.Build.0 = Release|ARM
		{DDD54862-21FE-4810-B8EC-74BF0447E000}.Release|ARM.Deploy.0 = Release|ARM
		{DDD54862-21FE-4810-B8EC-74BF0447E000}.Release|ARM64.ActiveCfg = Release|ARM64
		{DDD54862-21FE-4810-B8EC-74BF0447E000}.Release|ARM64.Build.0 = Release|ARM64
		{DDD54862-21FE-4810-B8EC-74BF0447E000}.Release|ARM64.Deploy.0 = Release|ARM64
		{DDD54862-21FE-4810-B8EC-74BF0447E000}.Release|x64.ActiveCfg = Release|x64
		{DDD54862-21FE-4810-B8EC-74BF0447E000}.Release|x64.Build.0 = Release|x64
		{DDD54862-21FE-4810-B8EC-74BF0447E000}.Release|x64.Deploy.0 = Release|x64
		{DDD54862-21FE-4810-B8EC-74BF0447E000}.Release|x86.ActiveCfg = Release|x86
		{DDD54862-21FE-4810-B8EC-74BF0447E000}.Release|x86.Build.0 = Release|x86
		{DDD54862-21FE-4810-B8EC-74BF0447E000}.Release|x86.Deploy.0 = Release|x86
		{2DC18999-32F2-40D4-AD9B-C5A09514E087}.Debug|Any CPU.ActiveCfg = Debug|Any CPU
		{2DC18999-32F2-40D4-AD9B-C5A09514E087}.Debug|Any CPU.Build.0 = Debug|Any CPU
		{2DC18999-32F2-40D4-AD9B-C5A09514E087}.Debug|ARM.ActiveCfg = Debug|ARM
		{2DC18999-32F2-40D4-AD9B-C5A09514E087}.Debug|ARM.Build.0 = Debug|ARM
		{2DC18999-32F2-40D4-AD9B-C5A09514E087}.Debug|ARM64.ActiveCfg = Debug|ARM64
		{2DC18999-32F2-40D4-AD9B-C5A09514E087}.Debug|ARM64.Build.0 = Debug|ARM64
		{2DC18999-32F2-40D4-AD9B-C5A09514E087}.Debug|x64.ActiveCfg = Debug|x64
		{2DC18999-32F2-40D4-AD9B-C5A09514E087}.Debug|x64.Build.0 = Debug|x64
		{2DC18999-32F2-40D4-AD9B-C5A09514E087}.Debug|x86.ActiveCfg = Debug|x86
		{2DC18999-32F2-40D4-AD9B-C5A09514E087}.Debug|x86.Build.0 = Debug|x86
		{2DC18999-32F2-40D4-AD9B-C5A09514E087}.Release|Any CPU.ActiveCfg = Release|Any CPU
		{2DC18999-32F2-40D4-AD9B-C5A09514E087}.Release|Any CPU.Build.0 = Release|Any CPU
		{2DC18999-32F2-40D4-AD9B-C5A09514E087}.Release|ARM.ActiveCfg = Release|ARM
		{2DC18999-32F2-40D4-AD9B-C5A09514E087}.Release|ARM.Build.0 = Release|ARM
		{2DC18999-32F2-40D4-AD9B-C5A09514E087}.Release|ARM64.ActiveCfg = Release|ARM64
		{2DC18999-32F2-40D4-AD9B-C5A09514E087}.Release|ARM64.Build.0 = Release|ARM64
		{2DC18999-32F2-40D4-AD9B-C5A09514E087}.Release|x64.ActiveCfg = Release|x64
		{2DC18999-32F2-40D4-AD9B-C5A09514E087}.Release|x64.Build.0 = Release|x64
		{2DC18999-32F2-40D4-AD9B-C5A09514E087}.Release|x86.ActiveCfg = Release|x86
		{2DC18999-32F2-40D4-AD9B-C5A09514E087}.Release|x86.Build.0 = Release|x86
		{C20D7EA5-6DB8-42B3-855D-75470CBE667F}.Debug|Any CPU.ActiveCfg = Debug|Any CPU
		{C20D7EA5-6DB8-42B3-855D-75470CBE667F}.Debug|Any CPU.Build.0 = Debug|Any CPU
		{C20D7EA5-6DB8-42B3-855D-75470CBE667F}.Debug|ARM.ActiveCfg = Debug|ARM
		{C20D7EA5-6DB8-42B3-855D-75470CBE667F}.Debug|ARM.Build.0 = Debug|ARM
		{C20D7EA5-6DB8-42B3-855D-75470CBE667F}.Debug|ARM64.ActiveCfg = Debug|ARM64
		{C20D7EA5-6DB8-42B3-855D-75470CBE667F}.Debug|ARM64.Build.0 = Debug|ARM64
		{C20D7EA5-6DB8-42B3-855D-75470CBE667F}.Debug|x64.ActiveCfg = Debug|x64
		{C20D7EA5-6DB8-42B3-855D-75470CBE667F}.Debug|x64.Build.0 = Debug|x64
		{C20D7EA5-6DB8-42B3-855D-75470CBE667F}.Debug|x86.ActiveCfg = Debug|x86
		{C20D7EA5-6DB8-42B3-855D-75470CBE667F}.Debug|x86.Build.0 = Debug|x86
		{C20D7EA5-6DB8-42B3-855D-75470CBE667F}.Release|Any CPU.ActiveCfg = Release|Any CPU
		{C20D7EA5-6DB8-42B3-855D-75470CBE667F}.Release|Any CPU.Build.0 = Release|Any CPU
		{C20D7EA5-6DB8-42B3-855D-75470CBE667F}.Release|ARM.ActiveCfg = Release|ARM
		{C20D7EA5-6DB8-42B3-855D-75470CBE667F}.Release|ARM.Build.0 = Release|ARM
		{C20D7EA5-6DB8-42B3-855D-75470CBE667F}.Release|ARM64.ActiveCfg = Release|ARM64
		{C20D7EA5-6DB8-42B3-855D-75470CBE667F}.Release|ARM64.Build.0 = Release|ARM64
		{C20D7EA5-6DB8-42B3-855D-75470CBE667F}.Release|x64.ActiveCfg = Release|x64
		{C20D7EA5-6DB8-42B3-855D-75470CBE667F}.Release|x64.Build.0 = Release|x64
		{C20D7EA5-6DB8-42B3-855D-75470CBE667F}.Release|x86.ActiveCfg = Release|x86
		{C20D7EA5-6DB8-42B3-855D-75470CBE667F}.Release|x86.Build.0 = Release|x86
	EndGlobalSection
	GlobalSection(SolutionProperties) = preSolution
		HideSolutionNode = FALSE
	EndGlobalSection
	GlobalSection(ExtensibilityGlobals) = postSolution
		SolutionGuid = {59A63E9B-DC9C-4D7D-8E1A-E67D60ABDA54}
	EndGlobalSection
EndGlobal
