<Solution>
  <Configurations>
    <Platform Name="ARM64" />
    <Platform Name="x64" />
  </Configurations>
  <Project Path="HyPlayer.Frieren/HyPlayer.Frieren.csproj">
    <Platform Solution="*|ARM64" Project="ARM64" />
    <Platform Solution="*|x64" Project="x64" />
  </Project>
  <Project Path="HyPlayer.LyricEffects.Tests/HyPlayer.LyricEffects.Tests.csproj">
    <Platform Solution="*|ARM64" Project="ARM64" />
    <Platform Solution="*|x64" Project="x64" />
  </Project>
  <Project Path="HyPlayer.LyricEffects/HyPlayer.LyricEffects.csproj">
    <Platform Solution="*|ARM64" Project="ARM64" />
    <Platform Solution="*|x64" Project="x64" />
  </Project>
  <Project Path="HyPlayer.NeteaseProvider/HyPlayer.NeteaseApi/HyPlayer.NeteaseApi.csproj">
    <Platform Solution="*|ARM64" Project="ARM64" />
    <Platform Solution="*|x64" Project="x64" />
  </Project>
  <Project Path="HyPlayer.NeteaseProvider/HyPlayer.NeteaseProvider/HyPlayer.NeteaseProvider.csproj">
    <Platform Solution="*|ARM64" Project="ARM64" />
    <Platform Solution="*|x64" Project="x64" />
  </Project>
  <Project Path="HyPlayer.Package/HyPlayer.Package.wapproj" Type="c7167f0d-bc9f-4e6e-afe1-012c56b48db5" Id="4a6ea262-870a-44ee-9777-87691d25b32c">
    <Deploy />
  </Project>
  <Project Path="HyPlayer.Playback.Tests/HyPlayer.Playback.Tests.csproj">
    <Platform Solution="*|ARM64" Project="ARM64" />
    <Platform Solution="*|x64" Project="x64" />
  </Project>
  <Project Path="HyPlayer.PlayCore/HyPlayer.PlayCore.Abstraction/HyPlayer.PlayCore.Abstraction.csproj">
    <Platform Solution="*|ARM64" Project="ARM64" />
    <Platform Solution="*|x64" Project="x64" />
  </Project>
  <Project Path="HyPlayer.PlayCore/HyPlayer.PlayCore/HyPlayer.PlayCore.csproj">
    <Platform Solution="*|ARM64" Project="ARM64" />
    <Platform Solution="*|x64" Project="x64" />
  </Project>
  <Project Path="HyPlayer.UWP.Chopin/HyPlayer.UWP.Chopin.csproj">
    <Platform Solution="*|ARM64" Project="ARM64" />
    <Platform Solution="*|x64" Project="x64" />
  </Project>
  <Project Path="HyPlayer/HyPlayer.csproj">
    <Platform Solution="*|ARM64" Project="ARM64" />
    <Platform Solution="*|x64" Project="x64" />
  </Project>
  <Project Path="Impressionist/Impressionist.csproj">
    <Platform Solution="*|ARM64" Project="ARM64" />
    <Platform Solution="*|x64" Project="x64" />
  </Project>
  <Project Path="Kawazu/Kawazu/Kawazu.csproj">
    <Platform Solution="*|ARM64" Project="ARM64" />
    <Platform Solution="*|x64" Project="x64" />
  </Project>
  <Project Path="Microsoft.Gaming.XboxGameBar.Projection/Microsoft.Gaming.XboxGameBar.Projection.csproj">
    <Platform Solution="*|ARM64" Project="ARM64" />
    <Platform Solution="*|x64" Project="x64" />
  </Project>
  <Project Path="ObservableCollections/ObservableCollections.csproj">
    <Platform Solution="*|ARM64" Project="ARM64" />
    <Platform Solution="*|x64" Project="x64" />
  </Project>
  <Project Path="ObservableCollections.SourceGenerator/ObservableCollections.SourceGenerator.csproj">
    <Platform Solution="*|ARM64" Project="ARM64" />
    <Platform Solution="*|x64" Project="x64" />
  </Project>
</Solution>
